
Microsoft Visual Studio Solution File, Format Version 12.00
# Visual Studio Version 16
VisualStudioVersion = 16.0.31829.152
MinimumVisualStudioVersion = 10.0.40219.1
Project("{9A19103F-16F7-4668-BE54-9A1E7A4F7556}") = "TyreSkCs", "TyreSkCs.csproj", "{70782A87-F8D7-4D63-8955-5C3F5B124D3A}"
EndProject
Project("{9A19103F-16F7-4668-BE54-9A1E7A4F7556}") = "MmgGameApiCs", "..\..\..\MmgGameApiCs\MmgGameApiCs\MmgGameApiCs.csproj", "{EFEEF237-1AFB-4E72-BC8D-12E7629FC79C}"
EndProject
Global
	GlobalSection(SolutionConfigurationPlatforms) = preSolution
		Debug|Any CPU = Debug|Any CPU
		Release|Any CPU = Release|Any CPU
	EndGlobalSection
	GlobalSection(ProjectConfigurationPlatforms) = postSolution
		{70782A87-F8D7-4D63-8955-5C3F5B124D3A}.Debug|Any CPU.ActiveCfg = Debug|Any CPU
		{70782A87-F8D7-4D63-8955-5C3F5B124D3A}.Debug|Any CPU.Build.0 = Debug|Any CPU
		{70782A87-F8D7-4D63-8955-5C3F5B124D3A}.Release|Any CPU.ActiveCfg = Release|Any CPU
		{70782A87-F8D7-4D63-8955-5C3F5B124D3A}.Release|Any CPU.Build.0 = Release|Any CPU
		{EFEEF237-1AFB-4E72-BC8D-12E7629FC79C}.Debug|Any CPU.ActiveCfg = Debug|Any CPU
		{EFEEF237-1AFB-4E72-BC8D-12E7629FC79C}.Debug|Any CPU.Build.0 = Debug|Any CPU
		{EFEEF237-1AFB-4E72-BC8D-12E7629FC79C}.Release|Any CPU.ActiveCfg = Release|Any CPU
		{EFEEF237-1AFB-4E72-BC8D-12E7629FC79C}.Release|Any CPU.Build.0 = Release|Any CPU
	EndGlobalSection
	GlobalSection(SolutionProperties) = preSolution
		HideSolutionNode = FALSE
	EndGlobalSection
	GlobalSection(ExtensibilityGlobals) = postSolution
		SolutionGuid = {EC357626-4CA6-40BA-9230-F46B6EA99E46}
	EndGlobalSection
EndGlobal
